{"1.1.0",
[{<<"base64url">>,{pkg,<<"base64url">>,<<"0.0.1">>},0},
 {<<"cowboy">>,{pkg,<<"cowboy">>,<<"2.4.0">>},0},
 {<<"cowlib">>,{pkg,<<"cowlib">>,<<"2.3.0">>},1},
 {<<"erljwt">>,{pkg,<<"erljwt">>,<<"2.0.2">>},1},
 {<<"jsone">>,{pkg,<<"jsone">>,<<"1.4.7">>},0},
 {<<"oidcc">>,{pkg,<<"oidcc">>,<<"1.8.0">>},0},
 {<<"ranch">>,{pkg,<<"ranch">>,<<"1.5.0">>},1}]}.
[
{pkg_hash,[
 {<<"base64url">>, <<"36A90125F5948E3AFD7BE97662A1504B934DD5DAC78451CA6E9ABF85A10286BE">>},
 {<<"cowboy">>, <<"F1B72FABE9C8A5FC64AC5AC85FB65474D64733D1DF52A26FAD5D4BA3D9F70A9F">>},
 {<<"cowlib">>, <<"BBD58EF537904E4F7C1DD62E6AA8BC831C8183CE4EFA9BD1150164FE15BE4CAA">>},
 {<<"erljwt">>, <<"3D17F4BFE965F712A58F3D6AD424FD100D028987FDED6834A64E94091F44D3C9">>},
 {<<"jsone">>, <<"A970C23D9700AE7842B526C57677E6E3F10894B429524696EAD547E9302391C0">>},
 {<<"oidcc">>, <<"35A615B035F35C8F67B53E8A8813DDB7D67984E7388DE7CF05DA1604EE151895">>},
 {<<"ranch">>, <<"F04166F456790FEE2AC1AA05A02745CC75783C2BFB26D39FAF6AEFC9A3D3A58A">>}]}
].
