[{<<"base64url">>,{pkg,<<"base64url">>,<<"0.0.1">>},2},
 {<<"cowboy">>,{pkg,<<"cowboy">>,<<"1.0.4">>},0},
 {<<"cowlib">>,{pkg,<<"cowlib">>,<<"1.0.2">>},1},
 {<<"erljwt">>,{pkg,<<"erljwt">>,<<"0.2.1">>},1},
 {<<"gun">>,{pkg,<<"gun">>,<<"1.0.0-pre.1">>},1},
 {<<"jsone">>,{pkg,<<"jsone">>,<<"1.4.0">>},2},
 {<<"oidcc">>,
  {git,"https://github.com/indigo-dc/oidcc",
       {ref,"a5cbd452c53ec33717c304697112c7e81319656a"}},
  0},
 {<<"ranch">>,{pkg,<<"ranch">>,<<"1.2.1">>},1}].
