[{<<"base64url">>,{pkg,<<"base64url">>,<<"0.0.1">>},2},
 {<<"cowboy">>,{pkg,<<"cowboy">>,<<"1.0.4">>},1},
 {<<"cowlib">>,{pkg,<<"cowlib">>,<<"1.0.2">>},2},
 {<<"eper">>,{pkg,<<"eper">>,<<"0.94.0">>},0},
 {<<"erljwt">>,{pkg,<<"erljwt">>,<<"0.1.0">>},1},
 {<<"erlydtl">>,{pkg,<<"erlydtl">>,<<"0.11.1">>},0},
 {<<"gun">>,{pkg,<<"gun">>,<<"1.0.0-pre.1">>},1},
 {<<"jsx">>,{pkg,<<"jsx">>,<<"2.8.0">>},2},
 {<<"oidcc">>,
  {git,"https://github.com/indigo-dc/oidcc/",
       {ref,"b79bf176918af3a3f758c06903f1cd5aa167a1e9"}},
  0},
 {<<"oidcc_cowboy">>,
  {git,"https://github.com/indigo-dc/oidcc_cowboy/",
       {ref,"254733c104a6c9cdd48aed349693a57bf93f725f"}},
  0},
 {<<"ranch">>,{pkg,<<"ranch">>,<<"1.2.1">>},2},
 {<<"rebar_vsn_plugin">>,
  {git,"https://github.com/erlware/rebar_vsn_plugin.git",
       {ref,"fd40c960c7912193631d948fe962e1162a8d1334"}},
  2},
 {<<"uri">>,
  {git,"https://github.com/erlware/uri.git",
       {ref,"91f6b7162d25cc42538606daf08f5df3b9f5861b"}},
  1}].
